// !$*UTF8*$!
{
	archiveVersion = 1;
	classes = {
	};
	objectVersion = 56;
	objects = {

/* Begin PBXBuildFile section */
		FE77DFED2948DB7B00BFF359 /* AppDelegate.swift in Sources */ = {isa = PBXBuildFile; fileRef = FE77DFEC2948DB7B00BFF359 /* AppDelegate.swift */; };
		FE77DFEF2948DB7B00BFF359 /* SceneDelegate.swift in Sources */ = {isa = PBXBuildFile; fileRef = FE77DFEE2948DB7B00BFF359 /* SceneDelegate.swift */; };
		FE77DFF42948DB7B00BFF359 /* Main.storyboard in Resources */ = {isa = PBXBuildFile; fileRef = FE77DFF22948DB7B00BFF359 /* Main.storyboard */; };
		FE77DFF62948DB7D00BFF359 /* Assets.xcassets in Resources */ = {isa = PBXBuildFile; fileRef = FE77DFF52948DB7D00BFF359 /* Assets.xcassets */; };
		FE77DFF92948DB7D00BFF359 /* LaunchScreen.storyboard in Resources */ = {isa = PBXBuildFile; fileRef = FE77DFF72948DB7D00BFF359 /* LaunchScreen.storyboard */; };
		FE77E0012948DBBB00BFF359 /* Task.swift in Sources */ = {isa = PBXBuildFile; fileRef = FE77E0002948DBBB00BFF359 /* Task.swift */; };
		FE77E0062948DC8500BFF359 /* DetailViewController.swift in Sources */ = {isa = PBXBuildFile; fileRef = FE77E0052948DC8500BFF359 /* DetailViewController.swift */; };
		FE77E0092948DD8700BFF359 /* TaskAPI.swift in Sources */ = {isa = PBXBuildFile; fileRef = FE77E0082948DD8600BFF359 /* TaskAPI.swift */; };
		FE77E00B2948E03B00BFF359 /* TaskTableViewCell.swift in Sources */ = {isa = PBXBuildFile; fileRef = FE77E00A2948E03B00BFF359 /* TaskTableViewCell.swift */; };
		FE77E00D2948FA7000BFF359 /* TaskViewController.swift in Sources */ = {isa = PBXBuildFile; fileRef = FE77E00C2948FA7000BFF359 /* TaskViewController.swift */; };
/* End PBXBuildFile section */

/* Begin PBXFileReference section */
		FE77DFE92948DB7B00BFF359 /* MVVM.app */ = {isa = PBXFileReference; explicitFileType = wrapper.application; includeInIndex = 0; path = MVVM.app; sourceTree = BUILT_PRODUCTS_DIR; };
		FE77DFEC2948DB7B00BFF359 /* AppDelegate.swift */ = {isa = PBXFileReference; lastKnownFileType = sourcecode.swift; path = AppDelegate.swift; sourceTree = "<group>"; };
		FE77DFEE2948DB7B00BFF359 /* SceneDelegate.swift */ = {isa = PBXFileReference; lastKnownFileType = sourcecode.swift; path = SceneDelegate.swift; sourceTree = "<group>"; };
		FE77DFF32948DB7B00BFF359 /* Base */ = {isa = PBXFileReference; lastKnownFileType = file.storyboard; name = Base; path = Base.lproj/Main.storyboard; sourceTree = "<group>"; };
		FE77DFF52948DB7D00BFF359 /* Assets.xcassets */ = {isa = PBXFileReference; lastKnownFileType = folder.assetcatalog; path = Assets.xcassets; sourceTree = "<group>"; };
		FE77DFF82948DB7D00BFF359 /* Base */ = {isa = PBXFileReference; lastKnownFileType = file.storyboard; name = Base; path = Base.lproj/LaunchScreen.storyboard; sourceTree = "<group>"; };
		FE77DFFA2948DB7D00BFF359 /* Info.plist */ = {isa = PBXFileReference; lastKnownFileType = text.plist.xml; path = Info.plist; sourceTree = "<group>"; };
		FE77E0002948DBBB00BFF359 /* Task.swift */ = {isa = PBXFileReference; lastKnownFileType = sourcecode.swift; path = Task.swift; sourceTree = "<group>"; };
		FE77E0052948DC8500BFF359 /* DetailViewController.swift */ = {isa = PBXFileReference; lastKnownFileType = sourcecode.swift; path = DetailViewController.swift; sourceTree = "<group>"; };
		FE77E0082948DD8600BFF359 /* TaskAPI.swift */ = {isa = PBXFileReference; lastKnownFileType = sourcecode.swift; path = TaskAPI.swift; sourceTree = "<group>"; };
		FE77E00A2948E03B00BFF359 /* TaskTableViewCell.swift */ = {isa = PBXFileReference; lastKnownFileType = sourcecode.swift; path = TaskTableViewCell.swift; sourceTree = "<group>"; };
		FE77E00C2948FA7000BFF359 /* TaskViewController.swift */ = {isa = PBXFileReference; lastKnownFileType = sourcecode.swift; path = TaskViewController.swift; sourceTree = "<group>"; };
/* End PBXFileReference section */

/* Begin PBXFrameworksBuildPhase section */
		FE77DFE62948DB7B00BFF359 /* Frameworks */ = {
			isa = PBXFrameworksBuildPhase;
			buildActionMask = 2147483647;
			files = (
			);
			runOnlyForDeploymentPostprocessing = 0;
		};
/* End PBXFrameworksBuildPhase section */

/* Begin PBXGroup section */
		FE77DFE02948DB7B00BFF359 = {
			isa = PBXGroup;
			children = (
				FE77DFEB2948DB7B00BFF359 /* MVVM */,
				FE77DFEA2948DB7B00BFF359 /* Products */,
			);
			sourceTree = "<group>";
		};
		FE77DFEA2948DB7B00BFF359 /* Products */ = {
			isa = PBXGroup;
			children = (
				FE77DFE92948DB7B00BFF359 /* MVVM.app */,
			);
			name = Products;
			sourceTree = "<group>";
		};
		FE77DFEB2948DB7B00BFF359 /* MVVM */ = {
			isa = PBXGroup;
			children = (
				FE77E0072948DD6300BFF359 /* ViewModel */,
				FE77E0042948DC6E00BFF359 /* ViewControllers */,
				FE77E0032948DC0700BFF359 /* View */,
				FE77E0022948DBC400BFF359 /* Model */,
				FE77DFEC2948DB7B00BFF359 /* AppDelegate.swift */,
				FE77DFEE2948DB7B00BFF359 /* SceneDelegate.swift */,
				FE77DFF22948DB7B00BFF359 /* Main.storyboard */,
				FE77DFF52948DB7D00BFF359 /* Assets.xcassets */,
				FE77DFF72948DB7D00BFF359 /* LaunchScreen.storyboard */,
				FE77DFFA2948DB7D00BFF359 /* Info.plist */,
			);
			path = MVVM;
			sourceTree = "<group>";
		};
		FE77E0022948DBC400BFF359 /* Model */ = {
			isa = PBXGroup;
			children = (
				FE77E0002948DBBB00BFF359 /* Task.swift */,
			);
			path = Model;
			sourceTree = "<group>";
		};
		FE77E0032948DC0700BFF359 /* View */ = {
			isa = PBXGroup;
			children = (
				FE77E00A2948E03B00BFF359 /* TaskTableViewCell.swift */,
			);
			path = View;
			sourceTree = "<group>";
		};
		FE77E0042948DC6E00BFF359 /* ViewControllers */ = {
			isa = PBXGroup;
			children = (
				FE77E0052948DC8500BFF359 /* DetailViewController.swift */,
				FE77E00C2948FA7000BFF359 /* TaskViewController.swift */,
			);
			path = ViewControllers;
			sourceTree = "<group>";
		};
		FE77E0072948DD6300BFF359 /* ViewModel */ = {
			isa = PBXGroup;
			children = (
				FE77E0082948DD8600BFF359 /* TaskAPI.swift */,
			);
			path = ViewModel;
			sourceTree = "<group>";
		};
/* End PBXGroup section */

/* Begin PBXNativeTarget section */
		FE77DFE82948DB7B00BFF359 /* MVVM */ = {
			isa = PBXNativeTarget;
			buildConfigurationList = FE77DFFD2948DB7D00BFF359 /* Build configuration list for PBXNativeTarget "MVVM" */;
			buildPhases = (
				FE77DFE52948DB7B00BFF359 /* Sources */,
				FE77DFE62948DB7B00BFF359 /* Frameworks */,
				FE77DFE72948DB7B00BFF359 /* Resources */,
			);
			buildRules = (
			);
			dependencies = (
			);
			name = MVVM;
			productName = MVVM;
			productReference = FE77DFE92948DB7B00BFF359 /* MVVM.app */;
			productType = "com.apple.product-type.application";
		};
/* End PBXNativeTarget section */

/* Begin PBXProject section */
		FE77DFE12948DB7B00BFF359 /* Project object */ = {
			isa = PBXProject;
			attributes = {
				BuildIndependentTargetsInParallel = 1;
				LastSwiftUpdateCheck = 1400;
				LastUpgradeCheck = 1400;
				TargetAttributes = {
					FE77DFE82948DB7B00BFF359 = {
						CreatedOnToolsVersion = 14.0.1;
					};
				};
			};
			buildConfigurationList = FE77DFE42948DB7B00BFF359 /* Build configuration list for PBXProject "MVVM" */;
			compatibilityVersion = "Xcode 14.0";
			developmentRegion = en;
			hasScannedForEncodings = 0;
			knownRegions = (
				en,
				Base,
			);
			mainGroup = FE77DFE02948DB7B00BFF359;
			productRefGroup = FE77DFEA2948DB7B00BFF359 /* Products */;
			projectDirPath = "";
			projectRoot = "";
			targets = (
				FE77DFE82948DB7B00BFF359 /* MVVM */,
			);
		};
/* End PBXProject section */

/* Begin PBXResourcesBuildPhase section */
		FE77DFE72948DB7B00BFF359 /* Resources */ = {
			isa = PBXResourcesBuildPhase;
			buildActionMask = 2147483647;
			files = (
				FE77DFF92948DB7D00BFF359 /* LaunchScreen.storyboard in Resources */,
				FE77DFF62948DB7D00BFF359 /* Assets.xcassets in Resources */,
				FE77DFF42948DB7B00BFF359 /* Main.storyboard in Resources */,
			);
			runOnlyForDeploymentPostprocessing = 0;
		};
/* End PBXResourcesBuildPhase section */

/* Begin PBXSourcesBuildPhase section */
		FE77DFE52948DB7B00BFF359 /* Sources */ = {
			isa = PBXSourcesBuildPhase;
			buildActionMask = 2147483647;
			files = (
				FE77E0012948DBBB00BFF359 /* Task.swift in Sources */,
				FE77E00B2948E03B00BFF359 /* TaskTableViewCell.swift in Sources */,
				FE77E0092948DD8700BFF359 /* TaskAPI.swift in Sources */,
				FE77E0062948DC8500BFF359 /* DetailViewController.swift in Sources */,
				FE77E00D2948FA7000BFF359 /* TaskViewController.swift in Sources */,
				FE77DFED2948DB7B00BFF359 /* AppDelegate.swift in Sources */,
				FE77DFEF2948DB7B00BFF359 /* SceneDelegate.swift in Sources */,
			);
			runOnlyForDeploymentPostprocessing = 0;
		};
/* End PBXSourcesBuildPhase section */

/* Begin PBXVariantGroup section */
		FE77DFF22948DB7B00BFF359 /* Main.storyboard */ = {
			isa = PBXVariantGroup;
			children = (
				FE77DFF32948DB7B00BFF359 /* Base */,
			);
			name = Main.storyboard;
			sourceTree = "<group>";
		};
		FE77DFF72948DB7D00BFF359 /* LaunchScreen.storyboard */ = {
			isa = PBXVariantGroup;
			children = (
				FE77DFF82948DB7D00BFF359 /* Base */,
			);
			name = LaunchScreen.storyboard;
			sourceTree = "<group>";
		};
/* End PBXVariantGroup section */

/* Begin XCBuildConfiguration section */
		FE77DFFB2948DB7D00BFF359 /* Debug */ = {
			isa = XCBuildConfiguration;
			buildSettings = {
				ALWAYS_SEARCH_USER_PATHS = NO;
				CLANG_ANALYZER_NONNULL = YES;
				CLANG_ANALYZER_NUMBER_OBJECT_CONVERSION = YES_AGGRESSIVE;
				CLANG_CXX_LANGUAGE_STANDARD = "gnu++20";
				CLANG_ENABLE_MODULES = YES;
				CLANG_ENABLE_OBJC_ARC = YES;
				CLANG_ENABLE_OBJC_WEAK = YES;
				CLANG_WARN_BLOCK_CAPTURE_AUTORELEASING = YES;
				CLANG_WARN_BOOL_CONVERSION = YES;
				CLANG_WARN_COMMA = YES;
				CLANG_WARN_CONSTANT_CONVERSION = YES;
				CLANG_WARN_DEPRECATED_OBJC_IMPLEMENTATIONS = YES;
				CLANG_WARN_DIRECT_OBJC_ISA_USAGE = YES_ERROR;
				CLANG_WARN_DOCUMENTATION_COMMENTS = YES;
				CLANG_WARN_EMPTY_BODY = YES;
				CLANG_WARN_ENUM_CONVERSION = YES;
				CLANG_WARN_INFINITE_RECURSION = YES;
				CLANG_WARN_INT_CONVERSION = YES;
				CLANG_WARN_NON_LITERAL_NULL_CONVERSION = YES;
				CLANG_WARN_OBJC_IMPLICIT_RETAIN_SELF = YES;
				CLANG_WARN_OBJC_LITERAL_CONVERSION = YES;
				CLANG_WARN_OBJC_ROOT_CLASS = YES_ERROR;
				CLANG_WARN_QUOTED_INCLUDE_IN_FRAMEWORK_HEADER = YES;
				CLANG_WARN_RANGE_LOOP_ANALYSIS = YES;
				CLANG_WARN_STRICT_PROTOTYPES = YES;
				CLANG_WARN_SUSPICIOUS_MOVE = YES;
				CLANG_WARN_UNGUARDED_AVAILABILITY = YES_AGGRESSIVE;
				CLANG_WARN_UNREACHABLE_CODE = YES;
				CLANG_WARN__DUPLICATE_METHOD_MATCH = YES;
				COPY_PHASE_STRIP = NO;
				DEBUG_INFORMATION_FORMAT = dwarf;
				ENABLE_STRICT_OBJC_MSGSEND = YES;
				ENABLE_TESTABILITY = YES;
				GCC_C_LANGUAGE_STANDARD = gnu11;
				GCC_DYNAMIC_NO_PIC = NO;
				GCC_NO_COMMON_BLOCKS = YES;
				GCC_OPTIMIZATION_LEVEL = 0;
				GCC_PREPROCESSOR_DEFINITIONS = (
					"DEBUG=1",
					"$(inherited)",
				);
				GCC_WARN_64_TO_32_BIT_CONVERSION = YES;
				GCC_WARN_ABOUT_RETURN_TYPE = YES_ERROR;
				GCC_WARN_UNDECLARED_SELECTOR = YES;
				GCC_WARN_UNINITIALIZED_AUTOS = YES_AGGRESSIVE;
				GCC_WARN_UNUSED_FUNCTION = YES;
				GCC_WARN_UNUSED_VARIABLE = YES;
				IPHONEOS_DEPLOYMENT_TARGET = 16.0;
				MTL_ENABLE_DEBUG_INFO = INCLUDE_SOURCE;
				MTL_FAST_MATH = YES;
				ONLY_ACTIVE_ARCH = YES;
				SDKROOT = iphoneos;
				SWIFT_ACTIVE_COMPILATION_CONDITIONS = DEBUG;
				SWIFT_OPTIMIZATION_LEVEL = "-Onone";
			};
			name = Debug;
		};
		FE77DFFC2948DB7D00BFF359 /* Release */ = {
			isa = XCBuildConfiguration;
			buildSettings = {
				ALWAYS_SEARCH_USER_PATHS = NO;
				CLANG_ANALYZER_NONNULL = YES;
				CLANG_ANALYZER_NUMBER_OBJECT_CONVERSION = YES_AGGRESSIVE;
				CLANG_CXX_LANGUAGE_STANDARD = "gnu++20";
				CLANG_ENABLE_MODULES = YES;
				CLANG_ENABLE_OBJC_ARC = YES;
				CLANG_ENABLE_OBJC_WEAK = YES;
				CLANG_WARN_BLOCK_CAPTURE_AUTORELEASING = YES;
				CLANG_WARN_BOOL_CONVERSION = YES;
				CLANG_WARN_COMMA = YES;
				CLANG_WARN_CONSTANT_CONVERSION = YES;
				CLANG_WARN_DEPRECATED_OBJC_IMPLEMENTATIONS = YES;
				CLANG_WARN_DIRECT_OBJC_ISA_USAGE = YES_ERROR;
				CLANG_WARN_DOCUMENTATION_COMMENTS = YES;
				CLANG_WARN_EMPTY_BODY = YES;
				CLANG_WARN_ENUM_CONVERSION = YES;
				CLANG_WARN_INFINITE_RECURSION = YES;
				CLANG_WARN_INT_CONVERSION = YES;
				CLANG_WARN_NON_LITERAL_NULL_CONVERSION = YES;
				CLANG_WARN_OBJC_IMPLICIT_RETAIN_SELF = YES;
				CLANG_WARN_OBJC_LITERAL_CONVERSION = YES;
				CLANG_WARN_OBJC_ROOT_CLASS = YES_ERROR;
				CLANG_WARN_QUOTED_INCLUDE_IN_FRAMEWORK_HEADER = YES;
				CLANG_WARN_RANGE_LOOP_ANALYSIS = YES;
				CLANG_WARN_STRICT_PROTOTYPES = YES;
				CLANG_WARN_SUSPICIOUS_MOVE = YES;
				CLANG_WARN_UNGUARDED_AVAILABILITY = YES_AGGRESSIVE;
				CLANG_WARN_UNREACHABLE_CODE = YES;
				CLANG_WARN__DUPLICATE_METHOD_MATCH = YES;
				COPY_PHASE_STRIP = NO;
				DEBUG_INFORMATION_FORMAT = "dwarf-with-dsym";
				ENABLE_NS_ASSERTIONS = NO;
				ENABLE_STRICT_OBJC_MSGSEND = YES;
				GCC_C_LANGUAGE_STANDARD = gnu11;
				GCC_NO_COMMON_BLOCKS = YES;
				GCC_WARN_64_TO_32_BIT_CONVERSION = YES;
				GCC_WARN_ABOUT_RETURN_TYPE = YES_ERROR;
				GCC_WARN_UNDECLARED_SELECTOR = YES;
				GCC_WARN_UNINITIALIZED_AUTOS = YES_AGGRESSIVE;
				GCC_WARN_UNUSED_FUNCTION = YES;
				GCC_WARN_UNUSED_VARIABLE = YES;
				IPHONEOS_DEPLOYMENT_TARGET = 16.0;
				MTL_ENABLE_DEBUG_INFO = NO;
				MTL_FAST_MATH = YES;
				SDKROOT = iphoneos;
				SWIFT_COMPILATION_MODE = wholemodule;
				SWIFT_OPTIMIZATION_LEVEL = "-O";
				VALIDATE_PRODUCT = YES;
			};
			name = Release;
		};
		FE77DFFE2948DB7D00BFF359 /* Debug */ = {
			isa = XCBuildConfiguration;
			buildSettings = {
				ASSETCATALOG_COMPILER_APPICON_NAME = AppIcon;
				ASSETCATALOG_COMPILER_GLOBAL_ACCENT_COLOR_NAME = AccentColor;
				CODE_SIGN_STYLE = Automatic;
				CURRENT_PROJECT_VERSION = 1;
				DEVELOPMENT_TEAM = AX62LW76RU;
				GENERATE_INFOPLIST_FILE = YES;
				INFOPLIST_FILE = MVVM/Info.plist;
				INFOPLIST_KEY_UIApplicationSupportsIndirectInputEvents = YES;
				INFOPLIST_KEY_UILaunchStoryboardName = LaunchScreen;
				INFOPLIST_KEY_UIMainStoryboardFile = Main;
				INFOPLIST_KEY_UISupportedInterfaceOrientations_iPad = "UIInterfaceOrientationPortrait UIInterfaceOrientationPortraitUpsideDown UIInterfaceOrientationLandscapeLeft UIInterfaceOrientationLandscapeRight";
				INFOPLIST_KEY_UISupportedInterfaceOrientations_iPhone = "UIInterfaceOrientationPortrait UIInterfaceOrientationLandscapeLeft UIInterfaceOrientationLandscapeRight";
				LD_RUNPATH_SEARCH_PATHS = (
					"$(inherited)",
					"@executable_path/Frameworks",
				);
				MARKETING_VERSION = 1.0;
				PRODUCT_BUNDLE_IDENTIFIER = JackDaw.MVVM;
				PRODUCT_NAME = "$(TARGET_NAME)";
				SWIFT_EMIT_LOC_STRINGS = YES;
				SWIFT_VERSION = 5.0;
				TARGETED_DEVICE_FAMILY = "1,2";
			};
			name = Debug;
		};
		FE77DFFF2948DB7D00BFF359 /* Release */ = {
			isa = XCBuildConfiguration;
			buildSettings = {
				ASSETCATALOG_COMPILER_APPICON_NAME = AppIcon;
				ASSETCATALOG_COMPILER_GLOBAL_ACCENT_COLOR_NAME = AccentColor;
				CODE_SIGN_STYLE = Automatic;
				CURRENT_PROJECT_VERSION = 1;
				DEVELOPMENT_TEAM = AX62LW76RU;
				GENERATE_INFOPLIST_FILE = YES;
				INFOPLIST_FILE = MVVM/Info.plist;
				INFOPLIST_KEY_UIApplicationSupportsIndirectInputEvents = YES;
				INFOPLIST_KEY_UILaunchStoryboardName = LaunchScreen;
				INFOPLIST_KEY_UIMainStoryboardFile = Main;
				INFOPLIST_KEY_UISupportedInterfaceOrientations_iPad = "UIInterfaceOrientationPortrait UIInterfaceOrientationPortraitUpsideDown UIInterfaceOrientationLandscapeLeft UIInterfaceOrientationLandscapeRight";
				INFOPLIST_KEY_UISupportedInterfaceOrientations_iPhone = "UIInterfaceOrientationPortrait UIInterfaceOrientationLandscapeLeft UIInterfaceOrientationLandscapeRight";
				LD_RUNPATH_SEARCH_PATHS = (
					"$(inherited)",
					"@executable_path/Frameworks",
				);
				MARKETING_VERSION = 1.0;
				PRODUCT_BUNDLE_IDENTIFIER = JackDaw.MVVM;
				PRODUCT_NAME = "$(TARGET_NAME)";
				SWIFT_EMIT_LOC_STRINGS = YES;
				SWIFT_VERSION = 5.0;
				TARGETED_DEVICE_FAMILY = "1,2";
			};
			name = Release;
		};
/* End XCBuildConfiguration section */

/* Begin XCConfigurationList section */
		FE77DFE42948DB7B00BFF359 /* Build configuration list for PBXProject "MVVM" */ = {
			isa = XCConfigurationList;
			buildConfigurations = (
				FE77DFFB2948DB7D00BFF359 /* Debug */,
				FE77DFFC2948DB7D00BFF359 /* Release */,
			);
			defaultConfigurationIsVisible = 0;
			defaultConfigurationName = Release;
		};
		FE77DFFD2948DB7D00BFF359 /* Build configuration list for PBXNativeTarget "MVVM" */ = {
			isa = XCConfigurationList;
			buildConfigurations = (
				FE77DFFE2948DB7D00BFF359 /* Debug */,
				FE77DFFF2948DB7D00BFF359 /* Release */,
			);
			defaultConfigurationIsVisible = 0;
			defaultConfigurationName = Release;
		};
/* End XCConfigurationList section */
	};
	rootObject = FE77DFE12948DB7B00BFF359 /* Project object */;
}
